
Microsoft Visual Studio Solution File, Format Version 12.00
# Visual Studio Version 17
VisualStudioVersion = 17.4.33213.308
MinimumVisualStudioVersion = 10.0.40219.1
Project("{FAE04EC0-301F-11D3-BF4B-00C04F79EFBC}") = "Secret-Santa_MVC", "Secret-Santa_MVC\Secret-Santa_MVC.csproj", "{DB3042FE-765F-40DB-88D2-9D656D160DE0}"
EndProject
Global
	GlobalSection(SolutionConfigurationPlatforms) = preSolution
		Debug|Any CPU = Debug|Any CPU
		Release|Any CPU = Release|Any CPU
	EndGlobalSection
	GlobalSection(ProjectConfigurationPlatforms) = postSolution
		{DB3042FE-765F-40DB-88D2-9D656D160DE0}.Debug|Any CPU.ActiveCfg = Debug|Any CPU
		{DB3042FE-765F-40DB-88D2-9D656D160DE0}.Debug|Any CPU.Build.0 = Debug|Any CPU
		{DB3042FE-765F-40DB-88D2-9D656D160DE0}.Release|Any CPU.ActiveCfg = Release|Any CPU
		{DB3042FE-765F-40DB-88D2-9D656D160DE0}.Release|Any CPU.Build.0 = Release|Any CPU
	EndGlobalSection
	GlobalSection(SolutionProperties) = preSolution
		HideSolutionNode = FALSE
	EndGlobalSection
	GlobalSection(ExtensibilityGlobals) = postSolution
		SolutionGuid = {0B4A75C4-4132-4D62-885D-3318E6445F2C}
	EndGlobalSection
EndGlobal
